// !$*UTF8*$!
{
	archiveVersion = 1;
	classes = {
	};
	objectVersion = 50;
	objects = {

/* Begin PBXBuildFile section */
		2D936CBDD4856C215EE99EC8 /* Pods_MapViewUITests.framework in Frameworks */ = {isa = PBXBuildFile; fileRef = 35E8ACF0E671B7F0397FF72C /* Pods_MapViewUITests.framework */; };
		8924172F86B98527A486C8DA /* Pods_MapView.framework in Frameworks */ = {isa = PBXBuildFile; fileRef = 6BF895C8A20C2A0F4072FE9D /* Pods_MapView.framework */; };
		B9AAE9805CCFC54146499182 /* Pods_MapViewTests.framework in Frameworks */ = {isa = PBXBuildFile; fileRef = 054E6DCD9E676660668CB046 /* Pods_MapViewTests.framework */; };
		BC0DB92121BA3794007BCC1F /* AppDelegate.swift in Sources */ = {isa = PBXBuildFile; fileRef = BC0DB92021BA3794007BCC1F /* AppDelegate.swift */; };
		BC0DB92621BA3794007BCC1F /* Main.storyboard in Resources */ = {isa = PBXBuildFile; fileRef = BC0DB92421BA3794007BCC1F /* Main.storyboard */; };
		BC0DB92821BA3796007BCC1F /* Assets.xcassets in Resources */ = {isa = PBXBuildFile; fileRef = BC0DB92721BA3796007BCC1F /* Assets.xcassets */; };
		BC0DB92B21BA3796007BCC1F /* LaunchScreen.storyboard in Resources */ = {isa = PBXBuildFile; fileRef = BC0DB92921BA3796007BCC1F /* LaunchScreen.storyboard */; };
		BC0DB93621BA3796007BCC1F /* MapViewTests.swift in Sources */ = {isa = PBXBuildFile; fileRef = BC0DB93521BA3796007BCC1F /* MapViewTests.swift */; };
		BC0DB94121BA3796007BCC1F /* MapViewUITests.swift in Sources */ = {isa = PBXBuildFile; fileRef = BC0DB94021BA3796007BCC1F /* MapViewUITests.swift */; };
		BC0DB94F21BA384E007BCC1F /* MapVC.swift in Sources */ = {isa = PBXBuildFile; fileRef = BC0DB94E21BA384E007BCC1F /* MapVC.swift */; };
		BC3E097421BE6FBB003F3830 /* Google Direction-07674dbf8433.json in Resources */ = {isa = PBXBuildFile; fileRef = BC3E097321BE6FBB003F3830 /* Google Direction-07674dbf8433.json */; };
		BC7AC80821BA4DA7008C1CBA /* TblCell.swift in Sources */ = {isa = PBXBuildFile; fileRef = BC7AC80721BA4DA7008C1CBA /* TblCell.swift */; };
		BC7AC80A21BA4F45008C1CBA /* LocationSearchTable.swift in Sources */ = {isa = PBXBuildFile; fileRef = BC7AC80921BA4F45008C1CBA /* LocationSearchTable.swift */; };
		BC817CB721BA8A0A00F85928 /* GoogleMapViewController.swift in Sources */ = {isa = PBXBuildFile; fileRef = BC817CB621BA8A0A00F85928 /* GoogleMapViewController.swift */; };
		BCF6ABA721BF860C007DB0DB /* Alamofire.framework in Frameworks */ = {isa = PBXBuildFile; fileRef = BCF6ABA621BF860C007DB0DB /* Alamofire.framework */; };
		BCF6ABA921BF8615007DB0DB /* GooglePlacesAPI.framework in Frameworks */ = {isa = PBXBuildFile; fileRef = BCF6ABA821BF8615007DB0DB /* GooglePlacesAPI.framework */; };
		BCF6ABAB21BF861D007DB0DB /* ObjectMapper.framework in Frameworks */ = {isa = PBXBuildFile; fileRef = BCF6ABAA21BF861D007DB0DB /* ObjectMapper.framework */; };
		BCF6ABAD21BF8626007DB0DB /* Pods_MapViewTests.framework in Frameworks */ = {isa = PBXBuildFile; fileRef = BCF6ABAC21BF8626007DB0DB /* Pods_MapViewTests.framework */; };
		BCF6ABAF21BF862D007DB0DB /* Pods_MapViewUITests.framework in Frameworks */ = {isa = PBXBuildFile; fileRef = BCF6ABAE21BF862D007DB0DB /* Pods_MapViewUITests.framework */; };
		BCF6ABB121BF8631007DB0DB /* SwiftyJSON.framework in Frameworks */ = {isa = PBXBuildFile; fileRef = BCF6ABB021BF8631007DB0DB /* SwiftyJSON.framework */; };
/* End PBXBuildFile section */

/* Begin PBXContainerItemProxy section */
		BC0DB93221BA3796007BCC1F /* PBXContainerItemProxy */ = {
			isa = PBXContainerItemProxy;
			containerPortal = BC0DB91521BA3794007BCC1F /* Project object */;
			proxyType = 1;
			remoteGlobalIDString = BC0DB91C21BA3794007BCC1F;
			remoteInfo = MapView;
		};
		BC0DB93D21BA3796007BCC1F /* PBXContainerItemProxy */ = {
			isa = PBXContainerItemProxy;
			containerPortal = BC0DB91521BA3794007BCC1F /* Project object */;
			proxyType = 1;
			remoteGlobalIDString = BC0DB91C21BA3794007BCC1F;
			remoteInfo = MapView;
		};
/* End PBXContainerItemProxy section */

/* Begin PBXFileReference section */
		054E6DCD9E676660668CB046 /* Pods_MapViewTests.framework */ = {isa = PBXFileReference; explicitFileType = wrapper.framework; includeInIndex = 0; path = Pods_MapViewTests.framework; sourceTree = BUILT_PRODUCTS_DIR; };
		093246CDD4C37ED163AA28B5 /* Pods-MapViewTests.debug.xcconfig */ = {isa = PBXFileReference; includeInIndex = 1; lastKnownFileType = text.xcconfig; name = "Pods-MapViewTests.debug.xcconfig"; path = "Pods/Target Support Files/Pods-MapViewTests/Pods-MapViewTests.debug.xcconfig"; sourceTree = "<group>"; };
		3581BEB417B1E97D62772165 /* Pods-MapViewTests.release.xcconfig */ = {isa = PBXFileReference; includeInIndex = 1; lastKnownFileType = text.xcconfig; name = "Pods-MapViewTests.release.xcconfig"; path = "Pods/Target Support Files/Pods-MapViewTests/Pods-MapViewTests.release.xcconfig"; sourceTree = "<group>"; };
		35E8ACF0E671B7F0397FF72C /* Pods_MapViewUITests.framework */ = {isa = PBXFileReference; explicitFileType = wrapper.framework; includeInIndex = 0; path = Pods_MapViewUITests.framework; sourceTree = BUILT_PRODUCTS_DIR; };
		377EF7A2EDBB928F4D7C7E81 /* Pods-MapViewUITests.debug.xcconfig */ = {isa = PBXFileReference; includeInIndex = 1; lastKnownFileType = text.xcconfig; name = "Pods-MapViewUITests.debug.xcconfig"; path = "Pods/Target Support Files/Pods-MapViewUITests/Pods-MapViewUITests.debug.xcconfig"; sourceTree = "<group>"; };
		4F7D491871EAE3EC80F0C66B /* Pods-MapView.debug.xcconfig */ = {isa = PBXFileReference; includeInIndex = 1; lastKnownFileType = text.xcconfig; name = "Pods-MapView.debug.xcconfig"; path = "Pods/Target Support Files/Pods-MapView/Pods-MapView.debug.xcconfig"; sourceTree = "<group>"; };
		6BF895C8A20C2A0F4072FE9D /* Pods_MapView.framework */ = {isa = PBXFileReference; explicitFileType = wrapper.framework; includeInIndex = 0; path = Pods_MapView.framework; sourceTree = BUILT_PRODUCTS_DIR; };
		BC0DB91D21BA3794007BCC1F /* MapView.app */ = {isa = PBXFileReference; explicitFileType = wrapper.application; includeInIndex = 0; path = MapView.app; sourceTree = BUILT_PRODUCTS_DIR; };
		BC0DB92021BA3794007BCC1F /* AppDelegate.swift */ = {isa = PBXFileReference; lastKnownFileType = sourcecode.swift; path = AppDelegate.swift; sourceTree = "<group>"; };
		BC0DB92521BA3794007BCC1F /* Base */ = {isa = PBXFileReference; lastKnownFileType = file.storyboard; name = Base; path = Base.lproj/Main.storyboard; sourceTree = "<group>"; };
		BC0DB92721BA3796007BCC1F /* Assets.xcassets */ = {isa = PBXFileReference; lastKnownFileType = folder.assetcatalog; path = Assets.xcassets; sourceTree = "<group>"; };
		BC0DB92A21BA3796007BCC1F /* Base */ = {isa = PBXFileReference; lastKnownFileType = file.storyboard; name = Base; path = Base.lproj/LaunchScreen.storyboard; sourceTree = "<group>"; };
		BC0DB92C21BA3796007BCC1F /* Info.plist */ = {isa = PBXFileReference; lastKnownFileType = text.plist.xml; path = Info.plist; sourceTree = "<group>"; };
		BC0DB93121BA3796007BCC1F /* MapViewTests.xctest */ = {isa = PBXFileReference; explicitFileType = wrapper.cfbundle; includeInIndex = 0; path = MapViewTests.xctest; sourceTree = BUILT_PRODUCTS_DIR; };
		BC0DB93521BA3796007BCC1F /* MapViewTests.swift */ = {isa = PBXFileReference; lastKnownFileType = sourcecode.swift; path = MapViewTests.swift; sourceTree = "<group>"; };
		BC0DB93721BA3796007BCC1F /* Info.plist */ = {isa = PBXFileReference; lastKnownFileType = text.plist.xml; path = Info.plist; sourceTree = "<group>"; };
		BC0DB93C21BA3796007BCC1F /* MapViewUITests.xctest */ = {isa = PBXFileReference; explicitFileType = wrapper.cfbundle; includeInIndex = 0; path = MapViewUITests.xctest; sourceTree = BUILT_PRODUCTS_DIR; };
		BC0DB94021BA3796007BCC1F /* MapViewUITests.swift */ = {isa = PBXFileReference; lastKnownFileType = sourcecode.swift; path = MapViewUITests.swift; sourceTree = "<group>"; };
		BC0DB94221BA3796007BCC1F /* Info.plist */ = {isa = PBXFileReference; lastKnownFileType = text.plist.xml; path = Info.plist; sourceTree = "<group>"; };
		BC0DB94E21BA384E007BCC1F /* MapVC.swift */ = {isa = PBXFileReference; lastKnownFileType = sourcecode.swift; path = MapVC.swift; sourceTree = "<group>"; };
		BC3E097321BE6FBB003F3830 /* Google Direction-07674dbf8433.json */ = {isa = PBXFileReference; fileEncoding = 4; lastKnownFileType = text.json; name = "Google Direction-07674dbf8433.json"; path = "../../../../../Downloads/Google-Maps-Direction-master/Maps Direction/Google Direction-07674dbf8433.json"; sourceTree = "<group>"; };
		BC7AC80721BA4DA7008C1CBA /* TblCell.swift */ = {isa = PBXFileReference; lastKnownFileType = sourcecode.swift; path = TblCell.swift; sourceTree = "<group>"; };
		BC7AC80921BA4F45008C1CBA /* LocationSearchTable.swift */ = {isa = PBXFileReference; lastKnownFileType = sourcecode.swift; path = LocationSearchTable.swift; sourceTree = "<group>"; };
		BC817CB621BA8A0A00F85928 /* GoogleMapViewController.swift */ = {isa = PBXFileReference; lastKnownFileType = sourcecode.swift; path = GoogleMapViewController.swift; sourceTree = "<group>"; };
		BCDE97BE21BAA1790034B31A /* GoogleMaps */ = {isa = PBXFileReference; lastKnownFileType = text; path = GoogleMaps; sourceTree = "<group>"; };
		BCF6ABA421BF8230007DB0DB /* CoreLocation.framework */ = {isa = PBXFileReference; lastKnownFileType = wrapper.framework; name = CoreLocation.framework; path = System/Library/Frameworks/CoreLocation.framework; sourceTree = SDKROOT; };
		BCF6ABA621BF860C007DB0DB /* Alamofire.framework */ = {isa = PBXFileReference; explicitFileType = wrapper.framework; path = Alamofire.framework; sourceTree = BUILT_PRODUCTS_DIR; };
		BCF6ABA821BF8615007DB0DB /* GooglePlacesAPI.framework */ = {isa = PBXFileReference; explicitFileType = wrapper.framework; path = GooglePlacesAPI.framework; sourceTree = BUILT_PRODUCTS_DIR; };
		BCF6ABAA21BF861D007DB0DB /* ObjectMapper.framework */ = {isa = PBXFileReference; explicitFileType = wrapper.framework; path = ObjectMapper.framework; sourceTree = BUILT_PRODUCTS_DIR; };
		BCF6ABAC21BF8626007DB0DB /* Pods_MapViewTests.framework */ = {isa = PBXFileReference; explicitFileType = wrapper.framework; path = Pods_MapViewTests.framework; sourceTree = BUILT_PRODUCTS_DIR; };
		BCF6ABAE21BF862D007DB0DB /* Pods_MapViewUITests.framework */ = {isa = PBXFileReference; explicitFileType = wrapper.framework; path = Pods_MapViewUITests.framework; sourceTree = BUILT_PRODUCTS_DIR; };
		BCF6ABB021BF8631007DB0DB /* SwiftyJSON.framework */ = {isa = PBXFileReference; explicitFileType = wrapper.framework; path = SwiftyJSON.framework; sourceTree = BUILT_PRODUCTS_DIR; };
		E51386A62AEEA235166EC7FB /* Pods-MapView.release.xcconfig */ = {isa = PBXFileReference; includeInIndex = 1; lastKnownFileType = text.xcconfig; name = "Pods-MapView.release.xcconfig"; path = "Pods/Target Support Files/Pods-MapView/Pods-MapView.release.xcconfig"; sourceTree = "<group>"; };
		FE77E4DD93B26427F6C368FE /* Pods-MapViewUITests.release.xcconfig */ = {isa = PBXFileReference; includeInIndex = 1; lastKnownFileType = text.xcconfig; name = "Pods-MapViewUITests.release.xcconfig"; path = "Pods/Target Support Files/Pods-MapViewUITests/Pods-MapViewUITests.release.xcconfig"; sourceTree = "<group>"; };
/* End PBXFileReference section */

/* Begin PBXFrameworksBuildPhase section */
		BC0DB91A21BA3794007BCC1F /* Frameworks */ = {
			isa = PBXFrameworksBuildPhase;
			buildActionMask = 2147483647;
			files = (
				BCF6ABB121BF8631007DB0DB /* SwiftyJSON.framework in Frameworks */,
				BCF6ABAF21BF862D007DB0DB /* Pods_MapViewUITests.framework in Frameworks */,
				BCF6ABAD21BF8626007DB0DB /* Pods_MapViewTests.framework in Frameworks */,
				BCF6ABAB21BF861D007DB0DB /* ObjectMapper.framework in Frameworks */,
				BCF6ABA921BF8615007DB0DB /* GooglePlacesAPI.framework in Frameworks */,
				BCF6ABA721BF860C007DB0DB /* Alamofire.framework in Frameworks */,
				8924172F86B98527A486C8DA /* Pods_MapView.framework in Frameworks */,
			);
			runOnlyForDeploymentPostprocessing = 0;
		};
		BC0DB92E21BA3796007BCC1F /* Frameworks */ = {
			isa = PBXFrameworksBuildPhase;
			buildActionMask = 2147483647;
			files = (
				B9AAE9805CCFC54146499182 /* Pods_MapViewTests.framework in Frameworks */,
			);
			runOnlyForDeploymentPostprocessing = 0;
		};
		BC0DB93921BA3796007BCC1F /* Frameworks */ = {
			isa = PBXFrameworksBuildPhase;
			buildActionMask = 2147483647;
			files = (
				2D936CBDD4856C215EE99EC8 /* Pods_MapViewUITests.framework in Frameworks */,
			);
			runOnlyForDeploymentPostprocessing = 0;
		};
/* End PBXFrameworksBuildPhase section */

/* Begin PBXGroup section */
		97074CFD6F464FD3A0ECD849 /* Frameworks */ = {
			isa = PBXGroup;
			children = (
				BCF6ABB021BF8631007DB0DB /* SwiftyJSON.framework */,
				BCF6ABAE21BF862D007DB0DB /* Pods_MapViewUITests.framework */,
				BCF6ABAC21BF8626007DB0DB /* Pods_MapViewTests.framework */,
				BCF6ABAA21BF861D007DB0DB /* ObjectMapper.framework */,
				BCF6ABA821BF8615007DB0DB /* GooglePlacesAPI.framework */,
				BCF6ABA621BF860C007DB0DB /* Alamofire.framework */,
				BCF6ABA421BF8230007DB0DB /* CoreLocation.framework */,
				6BF895C8A20C2A0F4072FE9D /* Pods_MapView.framework */,
				054E6DCD9E676660668CB046 /* Pods_MapViewTests.framework */,
				35E8ACF0E671B7F0397FF72C /* Pods_MapViewUITests.framework */,
			);
			name = Frameworks;
			sourceTree = "<group>";
		};
		BC0DB91421BA3794007BCC1F = {
			isa = PBXGroup;
			children = (
				BC0DB91F21BA3794007BCC1F /* MapView */,
				BC0DB93421BA3796007BCC1F /* MapViewTests */,
				BC0DB93F21BA3796007BCC1F /* MapViewUITests */,
				BC0DB91E21BA3794007BCC1F /* Products */,
				C2E5F9CAA98D82D2450D39C7 /* Pods */,
				97074CFD6F464FD3A0ECD849 /* Frameworks */,
			);
			sourceTree = "<group>";
		};
		BC0DB91E21BA3794007BCC1F /* Products */ = {
			isa = PBXGroup;
			children = (
				BC0DB91D21BA3794007BCC1F /* MapView.app */,
				BC0DB93121BA3796007BCC1F /* MapViewTests.xctest */,
				BC0DB93C21BA3796007BCC1F /* MapViewUITests.xctest */,
			);
			name = Products;
			sourceTree = "<group>";
		};
		BC0DB91F21BA3794007BCC1F /* MapView */ = {
			isa = PBXGroup;
			children = (
				BC3E097321BE6FBB003F3830 /* Google Direction-07674dbf8433.json */,
				BC0DB92021BA3794007BCC1F /* AppDelegate.swift */,
				BC0DB92421BA3794007BCC1F /* Main.storyboard */,
				BC0DB92721BA3796007BCC1F /* Assets.xcassets */,
				BC0DB92921BA3796007BCC1F /* LaunchScreen.storyboard */,
				BC0DB92C21BA3796007BCC1F /* Info.plist */,
				BC0DB94E21BA384E007BCC1F /* MapVC.swift */,
				BC7AC80721BA4DA7008C1CBA /* TblCell.swift */,
				BC7AC80921BA4F45008C1CBA /* LocationSearchTable.swift */,
				BC817CB621BA8A0A00F85928 /* GoogleMapViewController.swift */,
				BCDE97BE21BAA1790034B31A /* GoogleMaps */,
			);
			path = MapView;
			sourceTree = "<group>";
		};
		BC0DB93421BA3796007BCC1F /* MapViewTests */ = {
			isa = PBXGroup;
			children = (
				BC0DB93521BA3796007BCC1F /* MapViewTests.swift */,
				BC0DB93721BA3796007BCC1F /* Info.plist */,
			);
			path = MapViewTests;
			sourceTree = "<group>";
		};
		BC0DB93F21BA3796007BCC1F /* MapViewUITests */ = {
			isa = PBXGroup;
			children = (
				BC0DB94021BA3796007BCC1F /* MapViewUITests.swift */,
				BC0DB94221BA3796007BCC1F /* Info.plist */,
			);
			path = MapViewUITests;
			sourceTree = "<group>";
		};
		C2E5F9CAA98D82D2450D39C7 /* Pods */ = {
			isa = PBXGroup;
			children = (
				4F7D491871EAE3EC80F0C66B /* Pods-MapView.debug.xcconfig */,
				E51386A62AEEA235166EC7FB /* Pods-MapView.release.xcconfig */,
				093246CDD4C37ED163AA28B5 /* Pods-MapViewTests.debug.xcconfig */,
				3581BEB417B1E97D62772165 /* Pods-MapViewTests.release.xcconfig */,
				377EF7A2EDBB928F4D7C7E81 /* Pods-MapViewUITests.debug.xcconfig */,
				FE77E4DD93B26427F6C368FE /* Pods-MapViewUITests.release.xcconfig */,
			);
			name = Pods;
			sourceTree = "<group>";
		};
/* End PBXGroup section */

/* Begin PBXNativeTarget section */
		BC0DB91C21BA3794007BCC1F /* MapView */ = {
			isa = PBXNativeTarget;
			buildConfigurationList = BC0DB94521BA3796007BCC1F /* Build configuration list for PBXNativeTarget "MapView" */;
			buildPhases = (
				4A7DCD06EC3B28A11A711784 /* [CP] Check Pods Manifest.lock */,
				BC0DB91921BA3794007BCC1F /* Sources */,
				BC0DB91A21BA3794007BCC1F /* Frameworks */,
				BC0DB91B21BA3794007BCC1F /* Resources */,
				A2FF671349136565E9381CA1 /* [CP] Embed Pods Frameworks */,
				15BED99C452B210BC56A422C /* [CP] Copy Pods Resources */,
			);
			buildRules = (
			);
			dependencies = (
			);
			name = MapView;
			productName = MapView;
			productReference = BC0DB91D21BA3794007BCC1F /* MapView.app */;
			productType = "com.apple.product-type.application";
		};
		BC0DB93021BA3796007BCC1F /* MapViewTests */ = {
			isa = PBXNativeTarget;
			buildConfigurationList = BC0DB94821BA3796007BCC1F /* Build configuration list for PBXNativeTarget "MapViewTests" */;
			buildPhases = (
				EC2488BA33D712F1FF1664D1 /* [CP] Check Pods Manifest.lock */,
				BC0DB92D21BA3796007BCC1F /* Sources */,
				BC0DB92E21BA3796007BCC1F /* Frameworks */,
				BC0DB92F21BA3796007BCC1F /* Resources */,
			);
			buildRules = (
			);
			dependencies = (
				BC0DB93321BA3796007BCC1F /* PBXTargetDependency */,
			);
			name = MapViewTests;
			productName = MapViewTests;
			productReference = BC0DB93121BA3796007BCC1F /* MapViewTests.xctest */;
			productType = "com.apple.product-type.bundle.unit-test";
		};
		BC0DB93B21BA3796007BCC1F /* MapViewUITests */ = {
			isa = PBXNativeTarget;
			buildConfigurationList = BC0DB94B21BA3796007BCC1F /* Build configuration list for PBXNativeTarget "MapViewUITests" */;
			buildPhases = (
				DBBEA261DA9E290552C80385 /* [CP] Check Pods Manifest.lock */,
				BC0DB93821BA3796007BCC1F /* Sources */,
				BC0DB93921BA3796007BCC1F /* Frameworks */,
				BC0DB93A21BA3796007BCC1F /* Resources */,
			);
			buildRules = (
			);
			dependencies = (
				BC0DB93E21BA3796007BCC1F /* PBXTargetDependency */,
			);
			name = MapViewUITests;
			productName = MapViewUITests;
			productReference = BC0DB93C21BA3796007BCC1F /* MapViewUITests.xctest */;
			productType = "com.apple.product-type.bundle.ui-testing";
		};
/* End PBXNativeTarget section */

/* Begin PBXProject section */
		BC0DB91521BA3794007BCC1F /* Project object */ = {
			isa = PBXProject;
			attributes = {
				LastSwiftUpdateCheck = 0940;
				LastUpgradeCheck = 0940;
				ORGANIZATIONNAME = "Mac Mini Old";
				TargetAttributes = {
					BC0DB91C21BA3794007BCC1F = {
						CreatedOnToolsVersion = 9.4.1;
					};
					BC0DB93021BA3796007BCC1F = {
						CreatedOnToolsVersion = 9.4.1;
						TestTargetID = BC0DB91C21BA3794007BCC1F;
					};
					BC0DB93B21BA3796007BCC1F = {
						CreatedOnToolsVersion = 9.4.1;
						TestTargetID = BC0DB91C21BA3794007BCC1F;
					};
				};
			};
			buildConfigurationList = BC0DB91821BA3794007BCC1F /* Build configuration list for PBXProject "MapView" */;
			compatibilityVersion = "Xcode 9.3";
			developmentRegion = en;
			hasScannedForEncodings = 0;
			knownRegions = (
				en,
				Base,
			);
			mainGroup = BC0DB91421BA3794007BCC1F;
			productRefGroup = BC0DB91E21BA3794007BCC1F /* Products */;
			projectDirPath = "";
			projectRoot = "";
			targets = (
				BC0DB91C21BA3794007BCC1F /* MapView */,
				BC0DB93021BA3796007BCC1F /* MapViewTests */,
				BC0DB93B21BA3796007BCC1F /* MapViewUITests */,
			);
		};
/* End PBXProject section */

/* Begin PBXResourcesBuildPhase section */
		BC0DB91B21BA3794007BCC1F /* Resources */ = {
			isa = PBXResourcesBuildPhase;
			buildActionMask = 2147483647;
			files = (
				BC0DB92B21BA3796007BCC1F /* LaunchScreen.storyboard in Resources */,
				BC3E097421BE6FBB003F3830 /* Google Direction-07674dbf8433.json in Resources */,
				BC0DB92821BA3796007BCC1F /* Assets.xcassets in Resources */,
				BC0DB92621BA3794007BCC1F /* Main.storyboard in Resources */,
			);
			runOnlyForDeploymentPostprocessing = 0;
		};
		BC0DB92F21BA3796007BCC1F /* Resources */ = {
			isa = PBXResourcesBuildPhase;
			buildActionMask = 2147483647;
			files = (
			);
			runOnlyForDeploymentPostprocessing = 0;
		};
		BC0DB93A21BA3796007BCC1F /* Resources */ = {
			isa = PBXResourcesBuildPhase;
			buildActionMask = 2147483647;
			files = (
			);
			runOnlyForDeploymentPostprocessing = 0;
		};
/* End PBXResourcesBuildPhase section */

/* Begin PBXShellScriptBuildPhase section */
		15BED99C452B210BC56A422C /* [CP] Copy Pods Resources */ = {
			isa = PBXShellScriptBuildPhase;
			buildActionMask = 2147483647;
			files = (
			);
			inputPaths = (
				"${SRCROOT}/Pods/Target Support Files/Pods-MapView/Pods-MapView-resources.sh",
				"${PODS_ROOT}/GoogleMaps/Maps/Frameworks/GoogleMaps.framework/Resources/GoogleMaps.bundle",
				"${PODS_ROOT}/GooglePlaces/Frameworks/GooglePlaces.framework/Resources/GooglePlaces.bundle",
			);
			name = "[CP] Copy Pods Resources";
			outputPaths = (
				"${TARGET_BUILD_DIR}/${UNLOCALIZED_RESOURCES_FOLDER_PATH}/GoogleMaps.bundle",
				"${TARGET_BUILD_DIR}/${UNLOCALIZED_RESOURCES_FOLDER_PATH}/GooglePlaces.bundle",
			);
			runOnlyForDeploymentPostprocessing = 0;
			shellPath = /bin/sh;
			shellScript = "\"${SRCROOT}/Pods/Target Support Files/Pods-MapView/Pods-MapView-resources.sh\"\n";
			showEnvVarsInLog = 0;
		};
		4A7DCD06EC3B28A11A711784 /* [CP] Check Pods Manifest.lock */ = {
			isa = PBXShellScriptBuildPhase;
			buildActionMask = 2147483647;
			files = (
			);
			inputPaths = (
				"${PODS_PODFILE_DIR_PATH}/Podfile.lock",
				"${PODS_ROOT}/Manifest.lock",
			);
			name = "[CP] Check Pods Manifest.lock";
			outputPaths = (
				"$(DERIVED_FILE_DIR)/Pods-MapView-checkManifestLockResult.txt",
			);
			runOnlyForDeploymentPostprocessing = 0;
			shellPath = /bin/sh;
			shellScript = "diff \"${PODS_PODFILE_DIR_PATH}/Podfile.lock\" \"${PODS_ROOT}/Manifest.lock\" > /dev/null\nif [ $? != 0 ] ; then\n    # print error to STDERR\n    echo \"error: The sandbox is not in sync with the Podfile.lock. Run 'pod install' or update your CocoaPods installation.\" >&2\n    exit 1\nfi\n# This output is used by Xcode 'outputs' to avoid re-running this script phase.\necho \"SUCCESS\" > \"${SCRIPT_OUTPUT_FILE_0}\"\n";
			showEnvVarsInLog = 0;
		};
		A2FF671349136565E9381CA1 /* [CP] Embed Pods Frameworks */ = {
			isa = PBXShellScriptBuildPhase;
			buildActionMask = 2147483647;
			files = (
			);
			inputPaths = (
				"${SRCROOT}/Pods/Target Support Files/Pods-MapView/Pods-MapView-frameworks.sh",
				"${BUILT_PRODUCTS_DIR}/Alamofire/Alamofire.framework",
				"${BUILT_PRODUCTS_DIR}/GooglePlacesAPI/GooglePlacesAPI.framework",
				"${BUILT_PRODUCTS_DIR}/ObjectMapper/ObjectMapper.framework",
				"${BUILT_PRODUCTS_DIR}/SwiftyJSON/SwiftyJSON.framework",
			);
			name = "[CP] Embed Pods Frameworks";
			outputPaths = (
				"${TARGET_BUILD_DIR}/${FRAMEWORKS_FOLDER_PATH}/Alamofire.framework",
				"${TARGET_BUILD_DIR}/${FRAMEWORKS_FOLDER_PATH}/GooglePlacesAPI.framework",
				"${TARGET_BUILD_DIR}/${FRAMEWORKS_FOLDER_PATH}/ObjectMapper.framework",
				"${TARGET_BUILD_DIR}/${FRAMEWORKS_FOLDER_PATH}/SwiftyJSON.framework",
			);
			runOnlyForDeploymentPostprocessing = 0;
			shellPath = /bin/sh;
			shellScript = "\"${SRCROOT}/Pods/Target Support Files/Pods-MapView/Pods-MapView-frameworks.sh\"\n";
			showEnvVarsInLog = 0;
		};
		DBBEA261DA9E290552C80385 /* [CP] Check Pods Manifest.lock */ = {
			isa = PBXShellScriptBuildPhase;
			buildActionMask = 2147483647;
			files = (
			);
			inputPaths = (
				"${PODS_PODFILE_DIR_PATH}/Podfile.lock",
				"${PODS_ROOT}/Manifest.lock",
			);
			name = "[CP] Check Pods Manifest.lock";
			outputPaths = (
				"$(DERIVED_FILE_DIR)/Pods-MapViewUITests-checkManifestLockResult.txt",
			);
			runOnlyForDeploymentPostprocessing = 0;
			shellPath = /bin/sh;
			shellScript = "diff \"${PODS_PODFILE_DIR_PATH}/Podfile.lock\" \"${PODS_ROOT}/Manifest.lock\" > /dev/null\nif [ $? != 0 ] ; then\n    # print error to STDERR\n    echo \"error: The sandbox is not in sync with the Podfile.lock. Run 'pod install' or update your CocoaPods installation.\" >&2\n    exit 1\nfi\n# This output is used by Xcode 'outputs' to avoid re-running this script phase.\necho \"SUCCESS\" > \"${SCRIPT_OUTPUT_FILE_0}\"\n";
			showEnvVarsInLog = 0;
		};
		EC2488BA33D712F1FF1664D1 /* [CP] Check Pods Manifest.lock */ = {
			isa = PBXShellScriptBuildPhase;
			buildActionMask = 2147483647;
			files = (
			);
			inputPaths = (
				"${PODS_PODFILE_DIR_PATH}/Podfile.lock",
				"${PODS_ROOT}/Manifest.lock",
			);
			name = "[CP] Check Pods Manifest.lock";
			outputPaths = (
				"$(DERIVED_FILE_DIR)/Pods-MapViewTests-checkManifestLockResult.txt",
			);
			runOnlyForDeploymentPostprocessing = 0;
			shellPath = /bin/sh;
			shellScript = "diff \"${PODS_PODFILE_DIR_PATH}/Podfile.lock\" \"${PODS_ROOT}/Manifest.lock\" > /dev/null\nif [ $? != 0 ] ; then\n    # print error to STDERR\n    echo \"error: The sandbox is not in sync with the Podfile.lock. Run 'pod install' or update your CocoaPods installation.\" >&2\n    exit 1\nfi\n# This output is used by Xcode 'outputs' to avoid re-running this script phase.\necho \"SUCCESS\" > \"${SCRIPT_OUTPUT_FILE_0}\"\n";
			showEnvVarsInLog = 0;
		};
/* End PBXShellScriptBuildPhase section */

/* Begin PBXSourcesBuildPhase section */
		BC0DB91921BA3794007BCC1F /* Sources */ = {
			isa = PBXSourcesBuildPhase;
			buildActionMask = 2147483647;
			files = (
				BC817CB721BA8A0A00F85928 /* GoogleMapViewController.swift in Sources */,
				BC0DB92121BA3794007BCC1F /* AppDelegate.swift in Sources */,
				BC0DB94F21BA384E007BCC1F /* MapVC.swift in Sources */,
				BC7AC80821BA4DA7008C1CBA /* TblCell.swift in Sources */,
				BC7AC80A21BA4F45008C1CBA /* LocationSearchTable.swift in Sources */,
			);
			runOnlyForDeploymentPostprocessing = 0;
		};
		BC0DB92D21BA3796007BCC1F /* Sources */ = {
			isa = PBXSourcesBuildPhase;
			buildActionMask = 2147483647;
			files = (
				BC0DB93621BA3796007BCC1F /* MapViewTests.swift in Sources */,
			);
			runOnlyForDeploymentPostprocessing = 0;
		};
		BC0DB93821BA3796007BCC1F /* Sources */ = {
			isa = PBXSourcesBuildPhase;
			buildActionMask = 2147483647;
			files = (
				BC0DB94121BA3796007BCC1F /* MapViewUITests.swift in Sources */,
			);
			runOnlyForDeploymentPostprocessing = 0;
		};
/* End PBXSourcesBuildPhase section */

/* Begin PBXTargetDependency section */
		BC0DB93321BA3796007BCC1F /* PBXTargetDependency */ = {
			isa = PBXTargetDependency;
			target = BC0DB91C21BA3794007BCC1F /* MapView */;
			targetProxy = BC0DB93221BA3796007BCC1F /* PBXContainerItemProxy */;
		};
		BC0DB93E21BA3796007BCC1F /* PBXTargetDependency */ = {
			isa = PBXTargetDependency;
			target = BC0DB91C21BA3794007BCC1F /* MapView */;
			targetProxy = BC0DB93D21BA3796007BCC1F /* PBXContainerItemProxy */;
		};
/* End PBXTargetDependency section */

/* Begin PBXVariantGroup section */
		BC0DB92421BA3794007BCC1F /* Main.storyboard */ = {
			isa = PBXVariantGroup;
			children = (
				BC0DB92521BA3794007BCC1F /* Base */,
			);
			name = Main.storyboard;
			sourceTree = "<group>";
		};
		BC0DB92921BA3796007BCC1F /* LaunchScreen.storyboard */ = {
			isa = PBXVariantGroup;
			children = (
				BC0DB92A21BA3796007BCC1F /* Base */,
			);
			name = LaunchScreen.storyboard;
			sourceTree = "<group>";
		};
/* End PBXVariantGroup section */

/* Begin XCBuildConfiguration section */
		BC0DB94321BA3796007BCC1F /* Debug */ = {
			isa = XCBuildConfiguration;
			buildSettings = {
				ALWAYS_SEARCH_USER_PATHS = NO;
				CLANG_ANALYZER_NONNULL = YES;
				CLANG_ANALYZER_NUMBER_OBJECT_CONVERSION = YES_AGGRESSIVE;
				CLANG_CXX_LANGUAGE_STANDARD = "gnu++14";
				CLANG_CXX_LIBRARY = "libc++";
				CLANG_ENABLE_MODULES = YES;
				CLANG_ENABLE_OBJC_ARC = YES;
				CLANG_ENABLE_OBJC_WEAK = YES;
				CLANG_WARN_BLOCK_CAPTURE_AUTORELEASING = YES;
				CLANG_WARN_BOOL_CONVERSION = YES;
				CLANG_WARN_COMMA = YES;
				CLANG_WARN_CONSTANT_CONVERSION = YES;
				CLANG_WARN_DEPRECATED_OBJC_IMPLEMENTATIONS = YES;
				CLANG_WARN_DIRECT_OBJC_ISA_USAGE = YES_ERROR;
				CLANG_WARN_DOCUMENTATION_COMMENTS = YES;
				CLANG_WARN_EMPTY_BODY = YES;
				CLANG_WARN_ENUM_CONVERSION = YES;
				CLANG_WARN_INFINITE_RECURSION = YES;
				CLANG_WARN_INT_CONVERSION = YES;
				CLANG_WARN_NON_LITERAL_NULL_CONVERSION = YES;
				CLANG_WARN_OBJC_IMPLICIT_RETAIN_SELF = YES;
				CLANG_WARN_OBJC_LITERAL_CONVERSION = YES;
				CLANG_WARN_OBJC_ROOT_CLASS = YES_ERROR;
				CLANG_WARN_RANGE_LOOP_ANALYSIS = YES;
				CLANG_WARN_STRICT_PROTOTYPES = YES;
				CLANG_WARN_SUSPICIOUS_MOVE = YES;
				CLANG_WARN_UNGUARDED_AVAILABILITY = YES_AGGRESSIVE;
				CLANG_WARN_UNREACHABLE_CODE = YES;
				CLANG_WARN__DUPLICATE_METHOD_MATCH = YES;
				CODE_SIGN_IDENTITY = "iPhone Developer";
				COPY_PHASE_STRIP = NO;
				DEBUG_INFORMATION_FORMAT = dwarf;
				ENABLE_STRICT_OBJC_MSGSEND = YES;
				ENABLE_TESTABILITY = YES;
				GCC_C_LANGUAGE_STANDARD = gnu11;
				GCC_DYNAMIC_NO_PIC = NO;
				GCC_NO_COMMON_BLOCKS = YES;
				GCC_OPTIMIZATION_LEVEL = 0;
				GCC_PREPROCESSOR_DEFINITIONS = (
					"DEBUG=1",
					"$(inherited)",
				);
				GCC_WARN_64_TO_32_BIT_CONVERSION = YES;
				GCC_WARN_ABOUT_RETURN_TYPE = YES_ERROR;
				GCC_WARN_UNDECLARED_SELECTOR = YES;
				GCC_WARN_UNINITIALIZED_AUTOS = YES_AGGRESSIVE;
				GCC_WARN_UNUSED_FUNCTION = YES;
				GCC_WARN_UNUSED_VARIABLE = YES;
				IPHONEOS_DEPLOYMENT_TARGET = 11.4;
				MTL_ENABLE_DEBUG_INFO = YES;
				ONLY_ACTIVE_ARCH = YES;
				SDKROOT = iphoneos;
				SWIFT_ACTIVE_COMPILATION_CONDITIONS = DEBUG;
				SWIFT_OPTIMIZATION_LEVEL = "-Onone";
			};
			name = Debug;
		};
		BC0DB94421BA3796007BCC1F /* Release */ = {
			isa = XCBuildConfiguration;
			buildSettings = {
				ALWAYS_SEARCH_USER_PATHS = NO;
				CLANG_ANALYZER_NONNULL = YES;
				CLANG_ANALYZER_NUMBER_OBJECT_CONVERSION = YES_AGGRESSIVE;
				CLANG_CXX_LANGUAGE_STANDARD = "gnu++14";
				CLANG_CXX_LIBRARY = "libc++";
				CLANG_ENABLE_MODULES = YES;
				CLANG_ENABLE_OBJC_ARC = YES;
				CLANG_ENABLE_OBJC_WEAK = YES;
				CLANG_WARN_BLOCK_CAPTURE_AUTORELEASING = YES;
				CLANG_WARN_BOOL_CONVERSION = YES;
				CLANG_WARN_COMMA = YES;
				CLANG_WARN_CONSTANT_CONVERSION = YES;
				CLANG_WARN_DEPRECATED_OBJC_IMPLEMENTATIONS = YES;
				CLANG_WARN_DIRECT_OBJC_ISA_USAGE = YES_ERROR;
				CLANG_WARN_DOCUMENTATION_COMMENTS = YES;
				CLANG_WARN_EMPTY_BODY = YES;
				CLANG_WARN_ENUM_CONVERSION = YES;
				CLANG_WARN_INFINITE_RECURSION = YES;
				CLANG_WARN_INT_CONVERSION = YES;
				CLANG_WARN_NON_LITERAL_NULL_CONVERSION = YES;
				CLANG_WARN_OBJC_IMPLICIT_RETAIN_SELF = YES;
				CLANG_WARN_OBJC_LITERAL_CONVERSION = YES;
				CLANG_WARN_OBJC_ROOT_CLASS = YES_ERROR;
				CLANG_WARN_RANGE_LOOP_ANALYSIS = YES;
				CLANG_WARN_STRICT_PROTOTYPES = YES;
				CLANG_WARN_SUSPICIOUS_MOVE = YES;
				CLANG_WARN_UNGUARDED_AVAILABILITY = YES_AGGRESSIVE;
				CLANG_WARN_UNREACHABLE_CODE = YES;
				CLANG_WARN__DUPLICATE_METHOD_MATCH = YES;
				CODE_SIGN_IDENTITY = "iPhone Developer";
				COPY_PHASE_STRIP = NO;
				DEBUG_INFORMATION_FORMAT = "dwarf-with-dsym";
				ENABLE_NS_ASSERTIONS = NO;
				ENABLE_STRICT_OBJC_MSGSEND = YES;
				GCC_C_LANGUAGE_STANDARD = gnu11;
				GCC_NO_COMMON_BLOCKS = YES;
				GCC_WARN_64_TO_32_BIT_CONVERSION = YES;
				GCC_WARN_ABOUT_RETURN_TYPE = YES_ERROR;
				GCC_WARN_UNDECLARED_SELECTOR = YES;
				GCC_WARN_UNINITIALIZED_AUTOS = YES_AGGRESSIVE;
				GCC_WARN_UNUSED_FUNCTION = YES;
				GCC_WARN_UNUSED_VARIABLE = YES;
				IPHONEOS_DEPLOYMENT_TARGET = 11.4;
				MTL_ENABLE_DEBUG_INFO = NO;
				SDKROOT = iphoneos;
				SWIFT_COMPILATION_MODE = wholemodule;
				SWIFT_OPTIMIZATION_LEVEL = "-O";
				VALIDATE_PRODUCT = YES;
			};
			name = Release;
		};
		BC0DB94621BA3796007BCC1F /* Debug */ = {
			isa = XCBuildConfiguration;
			baseConfigurationReference = 4F7D491871EAE3EC80F0C66B /* Pods-MapView.debug.xcconfig */;
			buildSettings = {
				ASSETCATALOG_COMPILER_APPICON_NAME = AppIcon;
				CODE_SIGN_STYLE = Automatic;
				INFOPLIST_FILE = MapView/Info.plist;
				LD_RUNPATH_SEARCH_PATHS = (
					"$(inherited)",
					"@executable_path/Frameworks",
				);
				PRODUCT_BUNDLE_IDENTIFIER = com.demo.MapView;
				PRODUCT_NAME = "$(TARGET_NAME)";
				SWIFT_VERSION = 4.0;
				TARGETED_DEVICE_FAMILY = "1,2";
			};
			name = Debug;
		};
		BC0DB94721BA3796007BCC1F /* Release */ = {
			isa = XCBuildConfiguration;
			baseConfigurationReference = E51386A62AEEA235166EC7FB /* Pods-MapView.release.xcconfig */;
			buildSettings = {
				ASSETCATALOG_COMPILER_APPICON_NAME = AppIcon;
				CODE_SIGN_STYLE = Automatic;
				INFOPLIST_FILE = MapView/Info.plist;
				LD_RUNPATH_SEARCH_PATHS = (
					"$(inherited)",
					"@executable_path/Frameworks",
				);
				PRODUCT_BUNDLE_IDENTIFIER = com.demo.MapView;
				PRODUCT_NAME = "$(TARGET_NAME)";
				SWIFT_VERSION = 4.0;
				TARGETED_DEVICE_FAMILY = "1,2";
			};
			name = Release;
		};
		BC0DB94921BA3796007BCC1F /* Debug */ = {
			isa = XCBuildConfiguration;
			baseConfigurationReference = 093246CDD4C37ED163AA28B5 /* Pods-MapViewTests.debug.xcconfig */;
			buildSettings = {
				ALWAYS_EMBED_SWIFT_STANDARD_LIBRARIES = YES;
				BUNDLE_LOADER = "$(TEST_HOST)";
				CODE_SIGN_STYLE = Automatic;
				INFOPLIST_FILE = MapViewTests/Info.plist;
				LD_RUNPATH_SEARCH_PATHS = (
					"$(inherited)",
					"@executable_path/Frameworks",
					"@loader_path/Frameworks",
				);
				PRODUCT_BUNDLE_IDENTIFIER = com.demo.MapViewTests;
				PRODUCT_NAME = "$(TARGET_NAME)";
				SWIFT_VERSION = 4.0;
				TARGETED_DEVICE_FAMILY = "1,2";
				TEST_HOST = "$(BUILT_PRODUCTS_DIR)/MapView.app/MapView";
			};
			name = Debug;
		};
		BC0DB94A21BA3796007BCC1F /* Release */ = {
			isa = XCBuildConfiguration;
			baseConfigurationReference = 3581BEB417B1E97D62772165 /* Pods-MapViewTests.release.xcconfig */;
			buildSettings = {
				ALWAYS_EMBED_SWIFT_STANDARD_LIBRARIES = YES;
				BUNDLE_LOADER = "$(TEST_HOST)";
				CODE_SIGN_STYLE = Automatic;
				INFOPLIST_FILE = MapViewTests/Info.plist;
				LD_RUNPATH_SEARCH_PATHS = (
					"$(inherited)",
					"@executable_path/Frameworks",
					"@loader_path/Frameworks",
				);
				PRODUCT_BUNDLE_IDENTIFIER = com.demo.MapViewTests;
				PRODUCT_NAME = "$(TARGET_NAME)";
				SWIFT_VERSION = 4.0;
				TARGETED_DEVICE_FAMILY = "1,2";
				TEST_HOST = "$(BUILT_PRODUCTS_DIR)/MapView.app/MapView";
			};
			name = Release;
		};
		BC0DB94C21BA3796007BCC1F /* Debug */ = {
			isa = XCBuildConfiguration;
			baseConfigurationReference = 377EF7A2EDBB928F4D7C7E81 /* Pods-MapViewUITests.debug.xcconfig */;
			buildSettings = {
				ALWAYS_EMBED_SWIFT_STANDARD_LIBRARIES = YES;
				CODE_SIGN_STYLE = Automatic;
				INFOPLIST_FILE = MapViewUITests/Info.plist;
				LD_RUNPATH_SEARCH_PATHS = (
					"$(inherited)",
					"@executable_path/Frameworks",
					"@loader_path/Frameworks",
				);
				PRODUCT_BUNDLE_IDENTIFIER = com.demo.MapViewUITests;
				PRODUCT_NAME = "$(TARGET_NAME)";
				SWIFT_VERSION = 4.0;
				TARGETED_DEVICE_FAMILY = "1,2";
				TEST_TARGET_NAME = MapView;
			};
			name = Debug;
		};
		BC0DB94D21BA3796007BCC1F /* Release */ = {
			isa = XCBuildConfiguration;
			baseConfigurationReference = FE77E4DD93B26427F6C368FE /* Pods-MapViewUITests.release.xcconfig */;
			buildSettings = {
				ALWAYS_EMBED_SWIFT_STANDARD_LIBRARIES = YES;
				CODE_SIGN_STYLE = Automatic;
				INFOPLIST_FILE = MapViewUITests/Info.plist;
				LD_RUNPATH_SEARCH_PATHS = (
					"$(inherited)",
					"@executable_path/Frameworks",
					"@loader_path/Frameworks",
				);
				PRODUCT_BUNDLE_IDENTIFIER = com.demo.MapViewUITests;
				PRODUCT_NAME = "$(TARGET_NAME)";
				SWIFT_VERSION = 4.0;
				TARGETED_DEVICE_FAMILY = "1,2";
				TEST_TARGET_NAME = MapView;
			};
			name = Release;
		};
/* End XCBuildConfiguration section */

/* Begin XCConfigurationList section */
		BC0DB91821BA3794007BCC1F /* Build configuration list for PBXProject "MapView" */ = {
			isa = XCConfigurationList;
			buildConfigurations = (
				BC0DB94321BA3796007BCC1F /* Debug */,
				BC0DB94421BA3796007BCC1F /* Release */,
			);
			defaultConfigurationIsVisible = 0;
			defaultConfigurationName = Release;
		};
		BC0DB94521BA3796007BCC1F /* Build configuration list for PBXNativeTarget "MapView" */ = {
			isa = XCConfigurationList;
			buildConfigurations = (
				BC0DB94621BA3796007BCC1F /* Debug */,
				BC0DB94721BA3796007BCC1F /* Release */,
			);
			defaultConfigurationIsVisible = 0;
			defaultConfigurationName = Release;
		};
		BC0DB94821BA3796007BCC1F /* Build configuration list for PBXNativeTarget "MapViewTests" */ = {
			isa = XCConfigurationList;
			buildConfigurations = (
				BC0DB94921BA3796007BCC1F /* Debug */,
				BC0DB94A21BA3796007BCC1F /* Release */,
			);
			defaultConfigurationIsVisible = 0;
			defaultConfigurationName = Release;
		};
		BC0DB94B21BA3796007BCC1F /* Build configuration list for PBXNativeTarget "MapViewUITests" */ = {
			isa = XCConfigurationList;
			buildConfigurations = (
				BC0DB94C21BA3796007BCC1F /* Debug */,
				BC0DB94D21BA3796007BCC1F /* Release */,
			);
			defaultConfigurationIsVisible = 0;
			defaultConfigurationName = Release;
		};
/* End XCConfigurationList section */
	};
	rootObject = BC0DB91521BA3794007BCC1F /* Project object */;
}
